
Microsoft Visual Studio Solution File, Format Version 12.00
# Visual Studio Version 17
VisualStudioVersion = 17.0.31612.314
MinimumVisualStudioVersion = 10.0.40219.1
Project("{FAE04EC0-301F-11D3-BF4B-00C04F79EFBC}") = "TaskDesc_BackEnd", "TaskDesc_BackEnd\TaskDesc_BackEnd.csproj", "{2146FEA4-074D-4B73-A685-5CA3F379677E}"
EndProject
Global
	GlobalSection(SolutionConfigurationPlatforms) = preSolution
		Debug|Any CPU = Debug|Any CPU
		Release|Any CPU = Release|Any CPU
	EndGlobalSection
	GlobalSection(ProjectConfigurationPlatforms) = postSolution
		{2146FEA4-074D-4B73-A685-5CA3F379677E}.Debug|Any CPU.ActiveCfg = Debug|Any CPU
		{2146FEA4-074D-4B73-A685-5CA3F379677E}.Debug|Any CPU.Build.0 = Debug|Any CPU
		{2146FEA4-074D-4B73-A685-5CA3F379677E}.Release|Any CPU.ActiveCfg = Release|Any CPU
		{2146FEA4-074D-4B73-A685-5CA3F379677E}.Release|Any CPU.Build.0 = Release|Any CPU
	EndGlobalSection
	GlobalSection(SolutionProperties) = preSolution
		HideSolutionNode = FALSE
	EndGlobalSection
	GlobalSection(ExtensibilityGlobals) = postSolution
		SolutionGuid = {B260FCBA-9643-497C-8C84-F7E7B0991D9A}
	EndGlobalSection
EndGlobal
